
Microsoft Visual Studio Solution File, Format Version 12.00
# Visual Studio Version 17
VisualStudioVersion = 17.7.34221.43
MinimumVisualStudioVersion = 10.0.40219.1
Project("{FAE04EC0-301F-11D3-BF4B-00C04F79EFBC}") = "ProducerService", "ProducerService\ProducerService.csproj", "{62D6EC80-BE9C-46E6-84CE-FB0909A7691A}"
EndProject
Project("{FAE04EC0-301F-11D3-BF4B-00C04F79EFBC}") = "ConsumerService", "ConsumerService\ConsumerService.csproj", "{322C0806-C647-4B98-BACB-E17ECB1F885C}"
EndProject
Project("{E53339B2-1760-4266-BCC7-CA923CBCF16C}") = "docker-compose", "docker-compose.dcproj", "{FC648898-2319-45EA-86FF-9A42FFA92899}"
EndProject
Global
	GlobalSection(SolutionConfigurationPlatforms) = preSolution
		Debug|Any CPU = Debug|Any CPU
		Release|Any CPU = Release|Any CPU
	EndGlobalSection
	GlobalSection(ProjectConfigurationPlatforms) = postSolution
		{62D6EC80-BE9C-46E6-84CE-FB0909A7691A}.Debug|Any CPU.ActiveCfg = Debug|Any CPU
		{62D6EC80-BE9C-46E6-84CE-FB0909A7691A}.Debug|Any CPU.Build.0 = Debug|Any CPU
		{62D6EC80-BE9C-46E6-84CE-FB0909A7691A}.Release|Any CPU.ActiveCfg = Release|Any CPU
		{62D6EC80-BE9C-46E6-84CE-FB0909A7691A}.Release|Any CPU.Build.0 = Release|Any CPU
		{322C0806-C647-4B98-BACB-E17ECB1F885C}.Debug|Any CPU.ActiveCfg = Debug|Any CPU
		{322C0806-C647-4B98-BACB-E17ECB1F885C}.Debug|Any CPU.Build.0 = Debug|Any CPU
		{322C0806-C647-4B98-BACB-E17ECB1F885C}.Release|Any CPU.ActiveCfg = Release|Any CPU
		{322C0806-C647-4B98-BACB-E17ECB1F885C}.Release|Any CPU.Build.0 = Release|Any CPU
		{FC648898-2319-45EA-86FF-9A42FFA92899}.Debug|Any CPU.ActiveCfg = Debug|Any CPU
		{FC648898-2319-45EA-86FF-9A42FFA92899}.Debug|Any CPU.Build.0 = Debug|Any CPU
		{FC648898-2319-45EA-86FF-9A42FFA92899}.Release|Any CPU.ActiveCfg = Release|Any CPU
		{FC648898-2319-45EA-86FF-9A42FFA92899}.Release|Any CPU.Build.0 = Release|Any CPU
	EndGlobalSection
	GlobalSection(SolutionProperties) = preSolution
		HideSolutionNode = FALSE
	EndGlobalSection
	GlobalSection(ExtensibilityGlobals) = postSolution
		SolutionGuid = {EF2B4D92-25DE-4CB2-AE4D-38C4C97A79FA}
	EndGlobalSection
EndGlobal
